NeoBundleLock grep.vim 852ddb0c6590bbc41c508d7f5d2fc17112492def
NeoBundleLock lightline.vim 387606ebc57e4f5a48f788397ce8a3aee4ce5a23
NeoBundleLock neobundle.vim f5ace1d749382ab5e5a22670d57c61303a927b72
NeoBundleLock neocomplete 2d3f68c5de640dd1cb6d6ceb3442015a18e90604
NeoBundleLock neomru.vim 7df9999b841228661ff73909c5b9e34952331e22
NeoBundleLock neosnippet 044c9cb8ca46a5e27eec37198990c26fe707b02a
NeoBundleLock neosnippet-snippets 753906042c079d64d038565e6e518e1318ea6ec6
NeoBundleLock nerdtree 3b98a7fcae8f9fff356907171f0406ff8cd28921
NeoBundleLock omnisharp-vim 8e5cbdef56e34940282dd1b4deaea03f0724ec18
NeoBundleLock syntastic 48812d8333cd30d36f7f908328480ed9a01ab38f
NeoBundleLock unite.vim 854e39769a0b1c6d8093cc4f76b4d31b9f2c092d
NeoBundleLock vim-quickhl 239d9edf6d2d250b4be2511a15fcec077e10314f
NeoBundleLock vim-quickrun f6af619e66edb3a9b034f6c7a46025732347285c
NeoBundleLock vim-slime a36a8846a649249e61661396919ff4107c7d1f26
NeoBundleLock vim-snippets 1908556bf781a2b325e3535c79b54a9d11577d01
NeoBundleLock vimproc 0f68bcd93399ecbcde3eaa4efd09107314c9bdee
NeoBundleLock vimshell b65c2d530a7e42572bf404c7f8744655a4091ebe
